github.com/geek-go/getui v0.0.0-20190825093400-5604668721c2 h1:uOEHhcOAsptfp2zE4T+o/Nuyko40hD1x4rfmklL4XEo=
github.com/geek-go/getui v0.0.0-20190825093400-5604668721c2/go.mod h1:6GjQYy+Y7Kw6Ls9Ppfaecn/FPwORxgaQ2XqRRj+fFdc=
github.com/go-yaml/yaml v2.1.0+incompatible h1:RYi2hDdss1u4YE7GwixGzWwVo47T8UQwnTLB6vQiq+o=
github.com/go-yaml/yaml v2.1.0+incompatible/go.mod h1:w2MrLa16VYP0jy6N7M5kHaCkaLENm+P+Tv+MfurjSw0=
github.com/gogap/errors v0.0.0-20200228125012-531a6449b28c h1:dM8T2g87Kj9PBQjpstkQ20ZQjzrpZJwMwueX8mllrDI=
github.com/gogap/errors v0.0.0-20200228125012-531a6449b28c/go.mod h1:tbRYYYC7g/H7QlCeX0Z2zaThWKowF4QQCFIsGgAsqRo=
github.com/gogap/logs v0.0.0-20150329044033-31c6d1e28b2c h1:Tv0OlEQfruT8rH/BoW2RGrC/RVVzE5n0SMbKBr1spHM=
github.com/gogap/logs v0.0.0-20150329044033-31c6d1e28b2c/go.mod h1:QJ6r1fyvyIC0lwOdQo9Z/AVi9tlemaE7HMGdMbzMQRQ=
github.com/gogap/stack v0.0.0-20150131034635-fef68dddd4f8 h1:AuxION6c7in+AsPmFjQTUKT6/o1suT8XEEpfU0pWsHA=
github.com/gogap/stack v0.0.0-20150131034635-fef68dddd4f8/go.mod h1:6q1WEv2BiAO4FSdwLQTJbWQYAn1/qDNJHUGJNXCj9kM=
github.com/satori/go.uuid v1.2.0 h1:0uYX9dsZ2yD7q2RtLRtPSdGDWzjeM3TbMJP9utgA0ww=
github.com/satori/go.uuid v1.2.0/go.mod h1:dA0hQrYB0VpLJoorglMZABFdXlWrHn1NEOzdhQKdks0=
github.com/satori/go.uuid v1.2.1-0.20181028125025-b2ce2384e17b h1:gQZ0qzfKHQIybLANtM3mBXNUtOfsCFXeTsnBqCsx1KM=
github.com/satori/go.uuid v1.2.1-0.20181028125025-b2ce2384e17b/go.mod h1:dA0hQrYB0VpLJoorglMZABFdXlWrHn1NEOzdhQKdks0=
